// !$*UTF8*$!
{
	archiveVersion = 1;
	classes = {
	};
	objectVersion = 46;
	objects = {

/* Begin PBXBuildFile section */
		4F1A39FD1DC1F12D00C94506 /* YituTableViewCell.swift in Sources */ = {isa = PBXBuildFile; fileRef = 4F1A39FC1DC1F12D00C94506 /* YituTableViewCell.swift */; };
		4F2034EA1DB610040030B86A /* TuguaDetailViewController.swift in Sources */ = {isa = PBXBuildFile; fileRef = 4F2034E91DB610040030B86A /* TuguaDetailViewController.swift */; };
		4F2034ED1DB61DF80030B86A /* LehuoTableViewController.swift in Sources */ = {isa = PBXBuildFile; fileRef = 4F2034EC1DB61DF80030B86A /* LehuoTableViewController.swift */; };
		4F2313931DC08197001F8273 /* DuanziTableViewController.swift in Sources */ = {isa = PBXBuildFile; fileRef = 4F2313921DC08197001F8273 /* DuanziTableViewController.swift */; };
		4F2313961DC08C1D001F8273 /* DuanziItem.swift in Sources */ = {isa = PBXBuildFile; fileRef = 4F2313951DC08C1D001F8273 /* DuanziItem.swift */; };
		4F2313991DC08CF2001F8273 /* DuanziTableViewCell.swift in Sources */ = {isa = PBXBuildFile; fileRef = 4F2313981DC08CF2001F8273 /* DuanziTableViewCell.swift */; };
		4F5B8EE31F5693E100FD3318 /* NSString+JKHTML.m in Sources */ = {isa = PBXBuildFile; fileRef = 4F5B8EE21F5693E100FD3318 /* NSString+JKHTML.m */; };
		4F5B8EEA1F56B6D900FD3318 /* AdTableViewCell.swift in Sources */ = {isa = PBXBuildFile; fileRef = 4F5B8EE91F56B6D900FD3318 /* AdTableViewCell.swift */; };
		4F5B8EEC1F56B87300FD3318 /* AppMacro.swift in Sources */ = {isa = PBXBuildFile; fileRef = 4F5B8EEB1F56B87300FD3318 /* AppMacro.swift */; };
		4F5B8EEF1F58044700FD3318 /* AdHeaderView.swift in Sources */ = {isa = PBXBuildFile; fileRef = 4F5B8EEE1F58044700FD3318 /* AdHeaderView.swift */; };
		4F86C80D1DC9D34800B0C791 /* 180.png in Resources */ = {isa = PBXBuildFile; fileRef = 4F86C80C1DC9D34800B0C791 /* 180.png */; };
		4FB2A03E1DB75E58007AE46C /* LehuoItem.swift in Sources */ = {isa = PBXBuildFile; fileRef = 4FB2A03D1DB75E58007AE46C /* LehuoItem.swift */; };
		4FBC5CE61DBA0FDF00C3F4D1 /* YituTableViewController.swift in Sources */ = {isa = PBXBuildFile; fileRef = 4FBC5CE51DBA0FDF00C3F4D1 /* YituTableViewController.swift */; };
		4FBC5CE81DBA10EB00C3F4D1 /* YituDetailViewController.swift in Sources */ = {isa = PBXBuildFile; fileRef = 4FBC5CE71DBA10EB00C3F4D1 /* YituDetailViewController.swift */; };
		4FBC5CEA1DBA11D100C3F4D1 /* YituContainerViewController.swift in Sources */ = {isa = PBXBuildFile; fileRef = 4FBC5CE91DBA11D100C3F4D1 /* YituContainerViewController.swift */; };
		4FBC5CEC1DBA186000C3F4D1 /* YituItem.swift in Sources */ = {isa = PBXBuildFile; fileRef = 4FBC5CEB1DBA186000C3F4D1 /* YituItem.swift */; };
		4FCE219B1DAF7620002BECEF /* Constants.swift in Sources */ = {isa = PBXBuildFile; fileRef = 4FCE219A1DAF7620002BECEF /* Constants.swift */; };
		4FE271581DB0D7C4001C65D2 /* TuguaItem.swift in Sources */ = {isa = PBXBuildFile; fileRef = 4FE271571DB0D7C4001C65D2 /* TuguaItem.swift */; };
		4FE2715A1DB0DCBD001C65D2 /* TuguaTableViewCell.swift in Sources */ = {isa = PBXBuildFile; fileRef = 4FE271591DB0DCBD001C65D2 /* TuguaTableViewCell.swift */; };
		4FE4C0DA1DB8609800A2376C /* LehuoDetailViewController.swift in Sources */ = {isa = PBXBuildFile; fileRef = 4FE4C0D91DB8609800A2376C /* LehuoDetailViewController.swift */; };
		4FE7893E1DAE41CB0084D1E6 /* AppDelegate.swift in Sources */ = {isa = PBXBuildFile; fileRef = 4FE7893D1DAE41CB0084D1E6 /* AppDelegate.swift */; };
		4FE789431DAE41CB0084D1E6 /* Main.storyboard in Resources */ = {isa = PBXBuildFile; fileRef = 4FE789411DAE41CB0084D1E6 /* Main.storyboard */; };
		4FE789451DAE41CB0084D1E6 /* Assets.xcassets in Resources */ = {isa = PBXBuildFile; fileRef = 4FE789441DAE41CB0084D1E6 /* Assets.xcassets */; };
		4FE789481DAE41CB0084D1E6 /* LaunchScreen.storyboard in Resources */ = {isa = PBXBuildFile; fileRef = 4FE789461DAE41CB0084D1E6 /* LaunchScreen.storyboard */; };
		4FE789501DAE430B0084D1E6 /* TuguaTableViewController.swift in Sources */ = {isa = PBXBuildFile; fileRef = 4FE7894F1DAE430B0084D1E6 /* TuguaTableViewController.swift */; };
		7182777EE26983D0A496F0DB /* Pods_dapenti.framework in Frameworks */ = {isa = PBXBuildFile; fileRef = 7F2F0B8F155FEA4F5DFA6BD1 /* Pods_dapenti.framework */; };
/* End PBXBuildFile section */

/* Begin PBXFileReference section */
		4F1A39FC1DC1F12D00C94506 /* YituTableViewCell.swift */ = {isa = PBXFileReference; fileEncoding = 4; lastKnownFileType = sourcecode.swift; path = YituTableViewCell.swift; sourceTree = "<group>"; };
		4F2034E91DB610040030B86A /* TuguaDetailViewController.swift */ = {isa = PBXFileReference; fileEncoding = 4; lastKnownFileType = sourcecode.swift; path = TuguaDetailViewController.swift; sourceTree = "<group>"; };
		4F2034EC1DB61DF80030B86A /* LehuoTableViewController.swift */ = {isa = PBXFileReference; fileEncoding = 4; lastKnownFileType = sourcecode.swift; path = LehuoTableViewController.swift; sourceTree = "<group>"; };
		4F2313921DC08197001F8273 /* DuanziTableViewController.swift */ = {isa = PBXFileReference; fileEncoding = 4; lastKnownFileType = sourcecode.swift; path = DuanziTableViewController.swift; sourceTree = "<group>"; };
		4F2313951DC08C1D001F8273 /* DuanziItem.swift */ = {isa = PBXFileReference; fileEncoding = 4; lastKnownFileType = sourcecode.swift; path = DuanziItem.swift; sourceTree = "<group>"; };
		4F2313981DC08CF2001F8273 /* DuanziTableViewCell.swift */ = {isa = PBXFileReference; fileEncoding = 4; lastKnownFileType = sourcecode.swift; path = DuanziTableViewCell.swift; sourceTree = "<group>"; };
		4F5B8EE01F5693E000FD3318 /* dapenti-Bridging-Header.h */ = {isa = PBXFileReference; lastKnownFileType = sourcecode.c.h; path = "dapenti-Bridging-Header.h"; sourceTree = "<group>"; };
		4F5B8EE11F5693E100FD3318 /* NSString+JKHTML.h */ = {isa = PBXFileReference; fileEncoding = 4; lastKnownFileType = sourcecode.c.h; path = "NSString+JKHTML.h"; sourceTree = "<group>"; };
		4F5B8EE21F5693E100FD3318 /* NSString+JKHTML.m */ = {isa = PBXFileReference; fileEncoding = 4; lastKnownFileType = sourcecode.c.objc; path = "NSString+JKHTML.m"; sourceTree = "<group>"; };
		4F5B8EE91F56B6D900FD3318 /* AdTableViewCell.swift */ = {isa = PBXFileReference; fileEncoding = 4; lastKnownFileType = sourcecode.swift; path = AdTableViewCell.swift; sourceTree = "<group>"; };
		4F5B8EEB1F56B87300FD3318 /* AppMacro.swift */ = {isa = PBXFileReference; fileEncoding = 4; lastKnownFileType = sourcecode.swift; path = AppMacro.swift; sourceTree = "<group>"; };
		4F5B8EEE1F58044700FD3318 /* AdHeaderView.swift */ = {isa = PBXFileReference; fileEncoding = 4; lastKnownFileType = sourcecode.swift; path = AdHeaderView.swift; sourceTree = "<group>"; };
		4F86C80C1DC9D34800B0C791 /* 180.png */ = {isa = PBXFileReference; lastKnownFileType = image.png; path = 180.png; sourceTree = "<group>"; };
		4FB2A03D1DB75E58007AE46C /* LehuoItem.swift */ = {isa = PBXFileReference; fileEncoding = 4; lastKnownFileType = sourcecode.swift; path = LehuoItem.swift; sourceTree = "<group>"; };
		4FBC5CE51DBA0FDF00C3F4D1 /* YituTableViewController.swift */ = {isa = PBXFileReference; fileEncoding = 4; lastKnownFileType = sourcecode.swift; path = YituTableViewController.swift; sourceTree = "<group>"; };
		4FBC5CE71DBA10EB00C3F4D1 /* YituDetailViewController.swift */ = {isa = PBXFileReference; fileEncoding = 4; lastKnownFileType = sourcecode.swift; path = YituDetailViewController.swift; sourceTree = "<group>"; };
		4FBC5CE91DBA11D100C3F4D1 /* YituContainerViewController.swift */ = {isa = PBXFileReference; fileEncoding = 4; lastKnownFileType = sourcecode.swift; path = YituContainerViewController.swift; sourceTree = "<group>"; };
		4FBC5CEB1DBA186000C3F4D1 /* YituItem.swift */ = {isa = PBXFileReference; fileEncoding = 4; lastKnownFileType = sourcecode.swift; path = YituItem.swift; sourceTree = "<group>"; };
		4FCE219A1DAF7620002BECEF /* Constants.swift */ = {isa = PBXFileReference; fileEncoding = 4; lastKnownFileType = sourcecode.swift; path = Constants.swift; sourceTree = "<group>"; };
		4FE271571DB0D7C4001C65D2 /* TuguaItem.swift */ = {isa = PBXFileReference; fileEncoding = 4; lastKnownFileType = sourcecode.swift; path = TuguaItem.swift; sourceTree = "<group>"; };
		4FE271591DB0DCBD001C65D2 /* TuguaTableViewCell.swift */ = {isa = PBXFileReference; fileEncoding = 4; lastKnownFileType = sourcecode.swift; path = TuguaTableViewCell.swift; sourceTree = "<group>"; };
		4FE4C0D91DB8609800A2376C /* LehuoDetailViewController.swift */ = {isa = PBXFileReference; fileEncoding = 4; lastKnownFileType = sourcecode.swift; path = LehuoDetailViewController.swift; sourceTree = "<group>"; };
		4FE7893A1DAE41CB0084D1E6 /* dapenti.app */ = {isa = PBXFileReference; explicitFileType = wrapper.application; includeInIndex = 0; path = dapenti.app; sourceTree = BUILT_PRODUCTS_DIR; };
		4FE7893D1DAE41CB0084D1E6 /* AppDelegate.swift */ = {isa = PBXFileReference; lastKnownFileType = sourcecode.swift; path = AppDelegate.swift; sourceTree = "<group>"; };
		4FE789421DAE41CB0084D1E6 /* Base */ = {isa = PBXFileReference; lastKnownFileType = file.storyboard; name = Base; path = Base.lproj/Main.storyboard; sourceTree = "<group>"; };
		4FE789441DAE41CB0084D1E6 /* Assets.xcassets */ = {isa = PBXFileReference; lastKnownFileType = folder.assetcatalog; path = Assets.xcassets; sourceTree = "<group>"; };
		4FE789471DAE41CB0084D1E6 /* Base */ = {isa = PBXFileReference; lastKnownFileType = file.storyboard; name = Base; path = Base.lproj/LaunchScreen.storyboard; sourceTree = "<group>"; };
		4FE789491DAE41CB0084D1E6 /* Info.plist */ = {isa = PBXFileReference; lastKnownFileType = text.plist.xml; path = Info.plist; sourceTree = "<group>"; };
		4FE7894F1DAE430B0084D1E6 /* TuguaTableViewController.swift */ = {isa = PBXFileReference; fileEncoding = 4; lastKnownFileType = sourcecode.swift; path = TuguaTableViewController.swift; sourceTree = "<group>"; };
		610B5803A1BB9537F5D39552 /* Pods-dapenti.release.xcconfig */ = {isa = PBXFileReference; includeInIndex = 1; lastKnownFileType = text.xcconfig; name = "Pods-dapenti.release.xcconfig"; path = "Pods/Target Support Files/Pods-dapenti/Pods-dapenti.release.xcconfig"; sourceTree = "<group>"; };
		6D44D3374E670CECFBACC4F4 /* Pods-dapenti.debug.xcconfig */ = {isa = PBXFileReference; includeInIndex = 1; lastKnownFileType = text.xcconfig; name = "Pods-dapenti.debug.xcconfig"; path = "Pods/Target Support Files/Pods-dapenti/Pods-dapenti.debug.xcconfig"; sourceTree = "<group>"; };
		7F2F0B8F155FEA4F5DFA6BD1 /* Pods_dapenti.framework */ = {isa = PBXFileReference; explicitFileType = wrapper.framework; includeInIndex = 0; path = Pods_dapenti.framework; sourceTree = BUILT_PRODUCTS_DIR; };
/* End PBXFileReference section */

/* Begin PBXFrameworksBuildPhase section */
		4FE789371DAE41CB0084D1E6 /* Frameworks */ = {
			isa = PBXFrameworksBuildPhase;
			buildActionMask = 2147483647;
			files = (
				7182777EE26983D0A496F0DB /* Pods_dapenti.framework in Frameworks */,
			);
			runOnlyForDeploymentPostprocessing = 0;
		};
/* End PBXFrameworksBuildPhase section */

/* Begin PBXGroup section */
		199CAFFC33DA77D996331939 /* Pods */ = {
			isa = PBXGroup;
			children = (
				6D44D3374E670CECFBACC4F4 /* Pods-dapenti.debug.xcconfig */,
				610B5803A1BB9537F5D39552 /* Pods-dapenti.release.xcconfig */,
			);
			name = Pods;
			sourceTree = "<group>";
		};
		4F1A39FB1DC1F11500C94506 /* Cell */ = {
			isa = PBXGroup;
			children = (
				4F1A39FC1DC1F12D00C94506 /* YituTableViewCell.swift */,
				4F5B8EEE1F58044700FD3318 /* AdHeaderView.swift */,
			);
			name = Cell;
			sourceTree = "<group>";
		};
		4F2034EB1DB61DE40030B86A /* lehuo */ = {
			isa = PBXGroup;
			children = (
				4FB2A03C1DB75E49007AE46C /* Model */,
				4F2034EC1DB61DF80030B86A /* LehuoTableViewController.swift */,
				4FE4C0D91DB8609800A2376C /* LehuoDetailViewController.swift */,
			);
			name = lehuo;
			sourceTree = "<group>";
		};
		4F2313911DC07F3A001F8273 /* duanzi */ = {
			isa = PBXGroup;
			children = (
				4F2313971DC08CE1001F8273 /* Cell */,
				4F2313941DC08BF0001F8273 /* Model */,
				4F2313921DC08197001F8273 /* DuanziTableViewController.swift */,
			);
			name = duanzi;
			sourceTree = "<group>";
		};
		4F2313941DC08BF0001F8273 /* Model */ = {
			isa = PBXGroup;
			children = (
				4F2313951DC08C1D001F8273 /* DuanziItem.swift */,
			);
			name = Model;
			sourceTree = "<group>";
		};
		4F2313971DC08CE1001F8273 /* Cell */ = {
			isa = PBXGroup;
			children = (
				4F2313981DC08CF2001F8273 /* DuanziTableViewCell.swift */,
			);
			name = Cell;
			sourceTree = "<group>";
		};
		4F5B8EE41F5693E600FD3318 /* category */ = {
			isa = PBXGroup;
			children = (
				4F5B8EE11F5693E100FD3318 /* NSString+JKHTML.h */,
				4F5B8EE21F5693E100FD3318 /* NSString+JKHTML.m */,
			);
			name = category;
			sourceTree = "<group>";
		};
		4F5B8EED1F56B87600FD3318 /* constant */ = {
			isa = PBXGroup;
			children = (
				4F5B8EEB1F56B87300FD3318 /* AppMacro.swift */,
			);
			name = constant;
			sourceTree = "<group>";
		};
		4F86C80B1DC9D33E00B0C791 /* Images */ = {
			isa = PBXGroup;
			children = (
				4F86C80C1DC9D34800B0C791 /* 180.png */,
			);
			name = Images;
			sourceTree = "<group>";
		};
		4FB2A03C1DB75E49007AE46C /* Model */ = {
			isa = PBXGroup;
			children = (
				4FB2A03D1DB75E58007AE46C /* LehuoItem.swift */,
			);
			name = Model;
			sourceTree = "<group>";
		};
		4FBC5CE41DBA0FCD00C3F4D1 /* yitu */ = {
			isa = PBXGroup;
			children = (
				4F1A39FB1DC1F11500C94506 /* Cell */,
				4FBC5CED1DBA186500C3F4D1 /* Model */,
				4FBC5CE51DBA0FDF00C3F4D1 /* YituTableViewController.swift */,
				4FBC5CE91DBA11D100C3F4D1 /* YituContainerViewController.swift */,
				4FBC5CE71DBA10EB00C3F4D1 /* YituDetailViewController.swift */,
			);
			name = yitu;
			sourceTree = "<group>";
		};
		4FBC5CED1DBA186500C3F4D1 /* Model */ = {
			isa = PBXGroup;
			children = (
				4FBC5CEB1DBA186000C3F4D1 /* YituItem.swift */,
			);
			name = Model;
			sourceTree = "<group>";
		};
		4FCE21991DAF75FA002BECEF /* Constants */ = {
			isa = PBXGroup;
			children = (
				4FCE219A1DAF7620002BECEF /* Constants.swift */,
			);
			name = Constants;
			sourceTree = "<group>";
		};
		4FE789311DAE41CB0084D1E6 = {
			isa = PBXGroup;
			children = (
				4FE7893C1DAE41CB0084D1E6 /* dapenti */,
				4FE7893B1DAE41CB0084D1E6 /* Products */,
				199CAFFC33DA77D996331939 /* Pods */,
				AD774F6EDF2B6A8AA78D0B1A /* Frameworks */,
			);
			sourceTree = "<group>";
		};
		4FE7893B1DAE41CB0084D1E6 /* Products */ = {
			isa = PBXGroup;
			children = (
				4FE7893A1DAE41CB0084D1E6 /* dapenti.app */,
			);
			name = Products;
			sourceTree = "<group>";
		};
		4FE7893C1DAE41CB0084D1E6 /* dapenti */ = {
			isa = PBXGroup;
			children = (
				4F5B8EED1F56B87600FD3318 /* constant */,
				4F5B8EE41F5693E600FD3318 /* category */,
				4F86C80B1DC9D33E00B0C791 /* Images */,
				4F2313911DC07F3A001F8273 /* duanzi */,
				4FBC5CE41DBA0FCD00C3F4D1 /* yitu */,
				4F2034EB1DB61DE40030B86A /* lehuo */,
				4FCE21991DAF75FA002BECEF /* Constants */,
				4FE789511DAE431F0084D1E6 /* Tugua */,
				4FE7893D1DAE41CB0084D1E6 /* AppDelegate.swift */,
				4FE789411DAE41CB0084D1E6 /* Main.storyboard */,
				4FE789441DAE41CB0084D1E6 /* Assets.xcassets */,
				4FE789461DAE41CB0084D1E6 /* LaunchScreen.storyboard */,
				4FE789491DAE41CB0084D1E6 /* Info.plist */,
				4F5B8EE01F5693E000FD3318 /* dapenti-Bridging-Header.h */,
			);
			path = dapenti;
			sourceTree = "<group>";
		};
		4FE789511DAE431F0084D1E6 /* Tugua */ = {
			isa = PBXGroup;
			children = (
				4FE789531DAE432F0084D1E6 /* View */,
				4FE789521DAE43260084D1E6 /* Model */,
				4FE7894F1DAE430B0084D1E6 /* TuguaTableViewController.swift */,
				4F2034E91DB610040030B86A /* TuguaDetailViewController.swift */,
			);
			name = Tugua;
			sourceTree = "<group>";
		};
		4FE789521DAE43260084D1E6 /* Model */ = {
			isa = PBXGroup;
			children = (
				4FE271571DB0D7C4001C65D2 /* TuguaItem.swift */,
			);
			name = Model;
			sourceTree = "<group>";
		};
		4FE789531DAE432F0084D1E6 /* View */ = {
			isa = PBXGroup;
			children = (
				4FE271591DB0DCBD001C65D2 /* TuguaTableViewCell.swift */,
				4F5B8EE91F56B6D900FD3318 /* AdTableViewCell.swift */,
			);
			name = View;
			sourceTree = "<group>";
		};
		AD774F6EDF2B6A8AA78D0B1A /* Frameworks */ = {
			isa = PBXGroup;
			children = (
				7F2F0B8F155FEA4F5DFA6BD1 /* Pods_dapenti.framework */,
			);
			name = Frameworks;
			sourceTree = "<group>";
		};
/* End PBXGroup section */

/* Begin PBXNativeTarget section */
		4FE789391DAE41CB0084D1E6 /* dapenti */ = {
			isa = PBXNativeTarget;
			buildConfigurationList = 4FE7894C1DAE41CB0084D1E6 /* Build configuration list for PBXNativeTarget "dapenti" */;
			buildPhases = (
				51CDD2405B3358422CDB39A1 /* [CP] Check Pods Manifest.lock */,
				4FE789361DAE41CB0084D1E6 /* Sources */,
				4FE789371DAE41CB0084D1E6 /* Frameworks */,
				4FE789381DAE41CB0084D1E6 /* Resources */,
				087AE4C1853F23EE15B68B2B /* [CP] Embed Pods Frameworks */,
				C20AE59BD5CFF3F537000C4D /* [CP] Copy Pods Resources */,
			);
			buildRules = (
			);
			dependencies = (
			);
			name = dapenti;
			productName = dapenti;
			productReference = 4FE7893A1DAE41CB0084D1E6 /* dapenti.app */;
			productType = "com.apple.product-type.application";
		};
/* End PBXNativeTarget section */

/* Begin PBXProject section */
		4FE789321DAE41CB0084D1E6 /* Project object */ = {
			isa = PBXProject;
			attributes = {
				LastSwiftUpdateCheck = 0800;
				LastUpgradeCheck = 0800;
				ORGANIZATIONNAME = yujianjun;
				TargetAttributes = {
					4FE789391DAE41CB0084D1E6 = {
						CreatedOnToolsVersion = 8.0;
						DevelopmentTeam = 8RDH8AEPS5;
						LastSwiftMigration = 0830;
						ProvisioningStyle = Automatic;
					};
				};
			};
			buildConfigurationList = 4FE789351DAE41CB0084D1E6 /* Build configuration list for PBXProject "dapenti" */;
			compatibilityVersion = "Xcode 3.2";
			developmentRegion = English;
			hasScannedForEncodings = 0;
			knownRegions = (
				en,
				Base,
			);
			mainGroup = 4FE789311DAE41CB0084D1E6;
			productRefGroup = 4FE7893B1DAE41CB0084D1E6 /* Products */;
			projectDirPath = "";
			projectRoot = "";
			targets = (
				4FE789391DAE41CB0084D1E6 /* dapenti */,
			);
		};
/* End PBXProject section */

/* Begin PBXResourcesBuildPhase section */
		4FE789381DAE41CB0084D1E6 /* Resources */ = {
			isa = PBXResourcesBuildPhase;
			buildActionMask = 2147483647;
			files = (
				4FE789481DAE41CB0084D1E6 /* LaunchScreen.storyboard in Resources */,
				4FE789451DAE41CB0084D1E6 /* Assets.xcassets in Resources */,
				4FE789431DAE41CB0084D1E6 /* Main.storyboard in Resources */,
				4F86C80D1DC9D34800B0C791 /* 180.png in Resources */,
			);
			runOnlyForDeploymentPostprocessing = 0;
		};
/* End PBXResourcesBuildPhase section */

/* Begin PBXShellScriptBuildPhase section */
		087AE4C1853F23EE15B68B2B /* [CP] Embed Pods Frameworks */ = {
			isa = PBXShellScriptBuildPhase;
			buildActionMask = 2147483647;
			files = (
			);
			inputPaths = (
				"${SRCROOT}/Pods/Target Support Files/Pods-dapenti/Pods-dapenti-frameworks.sh",
				"${BUILT_PRODUCTS_DIR}/Kingfisher/Kingfisher.framework",
				"${BUILT_PRODUCTS_DIR}/SVProgressHUD/SVProgressHUD.framework",
				"${BUILT_PRODUCTS_DIR}/SnapKit/SnapKit.framework",
				"${BUILT_PRODUCTS_DIR}/SwiftyJSON/SwiftyJSON.framework",
			);
			name = "[CP] Embed Pods Frameworks";
			outputPaths = (
				"${TARGET_BUILD_DIR}/${FRAMEWORKS_FOLDER_PATH}/Kingfisher.framework",
				"${TARGET_BUILD_DIR}/${FRAMEWORKS_FOLDER_PATH}/SVProgressHUD.framework",
				"${TARGET_BUILD_DIR}/${FRAMEWORKS_FOLDER_PATH}/SnapKit.framework",
				"${TARGET_BUILD_DIR}/${FRAMEWORKS_FOLDER_PATH}/SwiftyJSON.framework",
			);
			runOnlyForDeploymentPostprocessing = 0;
			shellPath = /bin/sh;
			shellScript = "\"${SRCROOT}/Pods/Target Support Files/Pods-dapenti/Pods-dapenti-frameworks.sh\"\n";
			showEnvVarsInLog = 0;
		};
		51CDD2405B3358422CDB39A1 /* [CP] Check Pods Manifest.lock */ = {
			isa = PBXShellScriptBuildPhase;
			buildActionMask = 2147483647;
			files = (
			);
			inputPaths = (
				"${PODS_PODFILE_DIR_PATH}/Podfile.lock",
				"${PODS_ROOT}/Manifest.lock",
			);
			name = "[CP] Check Pods Manifest.lock";
			outputPaths = (
				"$(DERIVED_FILE_DIR)/Pods-dapenti-checkManifestLockResult.txt",
			);
			runOnlyForDeploymentPostprocessing = 0;
			shellPath = /bin/sh;
			shellScript = "diff \"${PODS_PODFILE_DIR_PATH}/Podfile.lock\" \"${PODS_ROOT}/Manifest.lock\" > /dev/null\nif [ $? != 0 ] ; then\n    # print error to STDERR\n    echo \"error: The sandbox is not in sync with the Podfile.lock. Run 'pod install' or update your CocoaPods installation.\" >&2\n    exit 1\nfi\n# This output is used by Xcode 'outputs' to avoid re-running this script phase.\necho \"SUCCESS\" > \"${SCRIPT_OUTPUT_FILE_0}\"\n";
			showEnvVarsInLog = 0;
		};
		C20AE59BD5CFF3F537000C4D /* [CP] Copy Pods Resources */ = {
			isa = PBXShellScriptBuildPhase;
			buildActionMask = 2147483647;
			files = (
			);
			inputPaths = (
			);
			name = "[CP] Copy Pods Resources";
			outputPaths = (
			);
			runOnlyForDeploymentPostprocessing = 0;
			shellPath = /bin/sh;
			shellScript = "\"${SRCROOT}/Pods/Target Support Files/Pods-dapenti/Pods-dapenti-resources.sh\"\n";
			showEnvVarsInLog = 0;
		};
/* End PBXShellScriptBuildPhase section */

/* Begin PBXSourcesBuildPhase section */
		4FE789361DAE41CB0084D1E6 /* Sources */ = {
			isa = PBXSourcesBuildPhase;
			buildActionMask = 2147483647;
			files = (
				4F5B8EEC1F56B87300FD3318 /* AppMacro.swift in Sources */,
				4FBC5CE81DBA10EB00C3F4D1 /* YituDetailViewController.swift in Sources */,
				4FE271581DB0D7C4001C65D2 /* TuguaItem.swift in Sources */,
				4F2313991DC08CF2001F8273 /* DuanziTableViewCell.swift in Sources */,
				4FE7893E1DAE41CB0084D1E6 /* AppDelegate.swift in Sources */,
				4FBC5CEA1DBA11D100C3F4D1 /* YituContainerViewController.swift in Sources */,
				4F5B8EE31F5693E100FD3318 /* NSString+JKHTML.m in Sources */,
				4FE789501DAE430B0084D1E6 /* TuguaTableViewController.swift in Sources */,
				4F2034ED1DB61DF80030B86A /* LehuoTableViewController.swift in Sources */,
				4F2313931DC08197001F8273 /* DuanziTableViewController.swift in Sources */,
				4FCE219B1DAF7620002BECEF /* Constants.swift in Sources */,
				4F2034EA1DB610040030B86A /* TuguaDetailViewController.swift in Sources */,
				4FBC5CEC1DBA186000C3F4D1 /* YituItem.swift in Sources */,
				4FB2A03E1DB75E58007AE46C /* LehuoItem.swift in Sources */,
				4F2313961DC08C1D001F8273 /* DuanziItem.swift in Sources */,
				4F1A39FD1DC1F12D00C94506 /* YituTableViewCell.swift in Sources */,
				4F5B8EEA1F56B6D900FD3318 /* AdTableViewCell.swift in Sources */,
				4F5B8EEF1F58044700FD3318 /* AdHeaderView.swift in Sources */,
				4FE4C0DA1DB8609800A2376C /* LehuoDetailViewController.swift in Sources */,
				4FBC5CE61DBA0FDF00C3F4D1 /* YituTableViewController.swift in Sources */,
				4FE2715A1DB0DCBD001C65D2 /* TuguaTableViewCell.swift in Sources */,
			);
			runOnlyForDeploymentPostprocessing = 0;
		};
/* End PBXSourcesBuildPhase section */

/* Begin PBXVariantGroup section */
		4FE789411DAE41CB0084D1E6 /* Main.storyboard */ = {
			isa = PBXVariantGroup;
			children = (
				4FE789421DAE41CB0084D1E6 /* Base */,
			);
			name = Main.storyboard;
			sourceTree = "<group>";
		};
		4FE789461DAE41CB0084D1E6 /* LaunchScreen.storyboard */ = {
			isa = PBXVariantGroup;
			children = (
				4FE789471DAE41CB0084D1E6 /* Base */,
			);
			name = LaunchScreen.storyboard;
			sourceTree = "<group>";
		};
/* End PBXVariantGroup section */

/* Begin XCBuildConfiguration section */
		4FE7894A1DAE41CB0084D1E6 /* Debug */ = {
			isa = XCBuildConfiguration;
			buildSettings = {
				ALWAYS_SEARCH_USER_PATHS = NO;
				CLANG_ANALYZER_NONNULL = YES;
				CLANG_CXX_LANGUAGE_STANDARD = "gnu++0x";
				CLANG_CXX_LIBRARY = "libc++";
				CLANG_ENABLE_MODULES = YES;
				CLANG_ENABLE_OBJC_ARC = YES;
				CLANG_WARN_BOOL_CONVERSION = YES;
				CLANG_WARN_CONSTANT_CONVERSION = YES;
				CLANG_WARN_DIRECT_OBJC_ISA_USAGE = YES_ERROR;
				CLANG_WARN_DOCUMENTATION_COMMENTS = YES;
				CLANG_WARN_EMPTY_BODY = YES;
				CLANG_WARN_ENUM_CONVERSION = YES;
				CLANG_WARN_INFINITE_RECURSION = YES;
				CLANG_WARN_INT_CONVERSION = YES;
				CLANG_WARN_OBJC_ROOT_CLASS = YES_ERROR;
				CLANG_WARN_SUSPICIOUS_MOVE = YES;
				CLANG_WARN_SUSPICIOUS_MOVES = YES;
				CLANG_WARN_UNREACHABLE_CODE = YES;
				CLANG_WARN__DUPLICATE_METHOD_MATCH = YES;
				"CODE_SIGN_IDENTITY[sdk=iphoneos*]" = "iPhone Developer";
				COPY_PHASE_STRIP = NO;
				DEBUG_INFORMATION_FORMAT = dwarf;
				ENABLE_STRICT_OBJC_MSGSEND = YES;
				ENABLE_TESTABILITY = YES;
				GCC_C_LANGUAGE_STANDARD = gnu99;
				GCC_DYNAMIC_NO_PIC = NO;
				GCC_NO_COMMON_BLOCKS = YES;
				GCC_OPTIMIZATION_LEVEL = 0;
				GCC_PREPROCESSOR_DEFINITIONS = (
					"DEBUG=1",
					"$(inherited)",
				);
				GCC_WARN_64_TO_32_BIT_CONVERSION = YES;
				GCC_WARN_ABOUT_RETURN_TYPE = YES_ERROR;
				GCC_WARN_UNDECLARED_SELECTOR = YES;
				GCC_WARN_UNINITIALIZED_AUTOS = YES_AGGRESSIVE;
				GCC_WARN_UNUSED_FUNCTION = YES;
				GCC_WARN_UNUSED_VARIABLE = YES;
				IPHONEOS_DEPLOYMENT_TARGET = 9.0;
				MTL_ENABLE_DEBUG_INFO = YES;
				ONLY_ACTIVE_ARCH = YES;
				SDKROOT = iphoneos;
				SWIFT_ACTIVE_COMPILATION_CONDITIONS = DEBUG;
				SWIFT_OPTIMIZATION_LEVEL = "-Onone";
			};
			name = Debug;
		};
		4FE7894B1DAE41CB0084D1E6 /* Release */ = {
			isa = XCBuildConfiguration;
			buildSettings = {
				ALWAYS_SEARCH_USER_PATHS = NO;
				CLANG_ANALYZER_NONNULL = YES;
				CLANG_CXX_LANGUAGE_STANDARD = "gnu++0x";
				CLANG_CXX_LIBRARY = "libc++";
				CLANG_ENABLE_MODULES = YES;
				CLANG_ENABLE_OBJC_ARC = YES;
				CLANG_WARN_BOOL_CONVERSION = YES;
				CLANG_WARN_CONSTANT_CONVERSION = YES;
				CLANG_WARN_DIRECT_OBJC_ISA_USAGE = YES_ERROR;
				CLANG_WARN_DOCUMENTATION_COMMENTS = YES;
				CLANG_WARN_EMPTY_BODY = YES;
				CLANG_WARN_ENUM_CONVERSION = YES;
				CLANG_WARN_INFINITE_RECURSION = YES;
				CLANG_WARN_INT_CONVERSION = YES;
				CLANG_WARN_OBJC_ROOT_CLASS = YES_ERROR;
				CLANG_WARN_SUSPICIOUS_MOVE = YES;
				CLANG_WARN_SUSPICIOUS_MOVES = YES;
				CLANG_WARN_UNREACHABLE_CODE = YES;
				CLANG_WARN__DUPLICATE_METHOD_MATCH = YES;
				"CODE_SIGN_IDENTITY[sdk=iphoneos*]" = "iPhone Developer";
				COPY_PHASE_STRIP = NO;
				DEBUG_INFORMATION_FORMAT = "dwarf-with-dsym";
				ENABLE_NS_ASSERTIONS = NO;
				ENABLE_STRICT_OBJC_MSGSEND = YES;
				GCC_C_LANGUAGE_STANDARD = gnu99;
				GCC_NO_COMMON_BLOCKS = YES;
				GCC_WARN_64_TO_32_BIT_CONVERSION = YES;
				GCC_WARN_ABOUT_RETURN_TYPE = YES_ERROR;
				GCC_WARN_UNDECLARED_SELECTOR = YES;
				GCC_WARN_UNINITIALIZED_AUTOS = YES_AGGRESSIVE;
				GCC_WARN_UNUSED_FUNCTION = YES;
				GCC_WARN_UNUSED_VARIABLE = YES;
				IPHONEOS_DEPLOYMENT_TARGET = 9.0;
				MTL_ENABLE_DEBUG_INFO = NO;
				SDKROOT = iphoneos;
				SWIFT_OPTIMIZATION_LEVEL = "-Owholemodule";
				VALIDATE_PRODUCT = YES;
			};
			name = Release;
		};
		4FE7894D1DAE41CB0084D1E6 /* Debug */ = {
			isa = XCBuildConfiguration;
			baseConfigurationReference = 6D44D3374E670CECFBACC4F4 /* Pods-dapenti.debug.xcconfig */;
			buildSettings = {
				ALWAYS_EMBED_SWIFT_STANDARD_LIBRARIES = YES;
				ASSETCATALOG_COMPILER_APPICON_NAME = AppIcon;
				CLANG_ENABLE_MODULES = YES;
				DEVELOPMENT_TEAM = 8RDH8AEPS5;
				INFOPLIST_FILE = dapenti/Info.plist;
				IPHONEOS_DEPLOYMENT_TARGET = 9.0;
				LD_RUNPATH_SEARCH_PATHS = "$(inherited) @executable_path/Frameworks";
				PRODUCT_BUNDLE_IDENTIFIER = com.yujianjun.dapenti;
				PRODUCT_NAME = "$(TARGET_NAME)";
				SWIFT_OBJC_BRIDGING_HEADER = "dapenti/dapenti-Bridging-Header.h";
				SWIFT_OPTIMIZATION_LEVEL = "-Onone";
				SWIFT_VERSION = 3.0;
			};
			name = Debug;
		};
		4FE7894E1DAE41CB0084D1E6 /* Release */ = {
			isa = XCBuildConfiguration;
			baseConfigurationReference = 610B5803A1BB9537F5D39552 /* Pods-dapenti.release.xcconfig */;
			buildSettings = {
				ALWAYS_EMBED_SWIFT_STANDARD_LIBRARIES = YES;
				ASSETCATALOG_COMPILER_APPICON_NAME = AppIcon;
				CLANG_ENABLE_MODULES = YES;
				DEVELOPMENT_TEAM = 8RDH8AEPS5;
				INFOPLIST_FILE = dapenti/Info.plist;
				IPHONEOS_DEPLOYMENT_TARGET = 9.0;
				LD_RUNPATH_SEARCH_PATHS = "$(inherited) @executable_path/Frameworks";
				PRODUCT_BUNDLE_IDENTIFIER = com.yujianjun.dapenti;
				PRODUCT_NAME = "$(TARGET_NAME)";
				SWIFT_OBJC_BRIDGING_HEADER = "dapenti/dapenti-Bridging-Header.h";
				SWIFT_VERSION = 3.0;
			};
			name = Release;
		};
/* End XCBuildConfiguration section */

/* Begin XCConfigurationList section */
		4FE789351DAE41CB0084D1E6 /* Build configuration list for PBXProject "dapenti" */ = {
			isa = XCConfigurationList;
			buildConfigurations = (
				4FE7894A1DAE41CB0084D1E6 /* Debug */,
				4FE7894B1DAE41CB0084D1E6 /* Release */,
			);
			defaultConfigurationIsVisible = 0;
			defaultConfigurationName = Release;
		};
		4FE7894C1DAE41CB0084D1E6 /* Build configuration list for PBXNativeTarget "dapenti" */ = {
			isa = XCConfigurationList;
			buildConfigurations = (
				4FE7894D1DAE41CB0084D1E6 /* Debug */,
				4FE7894E1DAE41CB0084D1E6 /* Release */,
			);
			defaultConfigurationIsVisible = 0;
			defaultConfigurationName = Release;
		};
/* End XCConfigurationList section */
	};
	rootObject = 4FE789321DAE41CB0084D1E6 /* Project object */;
}
